PODS:
  - Alamofire (5.4.4)
  - Moya (15.0.0):
    - Moya/Core (= 15.0.0)
  - Moya/Core (15.0.0):
    - Alamofire (~> 5.0)

DEPENDENCIES:
  - Moya (~> 15.0)

SPEC REPOS:
  trunk:
    - Alamofire
    - Moya

SPEC CHECKSUMS:
  Alamofire: f3b09a368f1582ab751b3fff5460276e0d2cf5c9
  Moya: 138f0573e53411fb3dc17016add0b748dfbd78ee

PODFILE CHECKSUM: 2ce1bbb0ee1f87982287532f41f7dc4eded2157f

COCOAPODS: 1.10.2
